
Microsoft Visual Studio Solution File, Format Version 12.00
# Visual Studio Version 17
VisualStudioVersion = 17.1.32421.90
MinimumVisualStudioVersion = 10.0.40219.1
Project("{9A19103F-16F7-4668-BE54-9A1E7A4F7556}") = "release-tracker", "release-tracker\release-tracker.csproj", "{7A55F913-2B1E-480D-81A0-924522411F8E}"
EndProject
Project("{FAE04EC0-301F-11D3-BF4B-00C04F79EFBC}") = "release-tracker-tests", "release-tracker-tests\release-tracker-tests.csproj", "{A11146BD-293D-452C-9614-4CA3DB132962}"
EndProject
Global
	GlobalSection(SolutionConfigurationPlatforms) = preSolution
		Debug|Any CPU = Debug|Any CPU
		Release|Any CPU = Release|Any CPU
	EndGlobalSection
	GlobalSection(ProjectConfigurationPlatforms) = postSolution
		{7A55F913-2B1E-480D-81A0-924522411F8E}.Debug|Any CPU.ActiveCfg = Debug|Any CPU
		{7A55F913-2B1E-480D-81A0-924522411F8E}.Debug|Any CPU.Build.0 = Debug|Any CPU
		{7A55F913-2B1E-480D-81A0-924522411F8E}.Release|Any CPU.ActiveCfg = Release|Any CPU
		{7A55F913-2B1E-480D-81A0-924522411F8E}.Release|Any CPU.Build.0 = Release|Any CPU
		{A11146BD-293D-452C-9614-4CA3DB132962}.Debug|Any CPU.ActiveCfg = Debug|Any CPU
		{A11146BD-293D-452C-9614-4CA3DB132962}.Debug|Any CPU.Build.0 = Debug|Any CPU
		{A11146BD-293D-452C-9614-4CA3DB132962}.Release|Any CPU.ActiveCfg = Release|Any CPU
		{A11146BD-293D-452C-9614-4CA3DB132962}.Release|Any CPU.Build.0 = Release|Any CPU
	EndGlobalSection
	GlobalSection(SolutionProperties) = preSolution
		HideSolutionNode = FALSE
	EndGlobalSection
	GlobalSection(ExtensibilityGlobals) = postSolution
		SolutionGuid = {7D3D387C-7BA9-480A-A0B8-72EAB3332C53}
	EndGlobalSection
EndGlobal
